
Microsoft Visual Studio Solution File, Format Version 12.00
# Visual Studio Version 17
VisualStudioVersion = 17.14.36811.4 d17.14
MinimumVisualStudioVersion = 10.0.40219.1
Project("{FAE04EC0-301F-11D3-BF4B-00C04F79EFBC}") = "MiniReportsProject", "MiniReportsProject.csproj", "{C03370F9-D6AE-4903-AACD-AED9A3614981}"
EndProject
Global
	GlobalSection(SolutionConfigurationPlatforms) = preSolution
		Debug|Any CPU = Debug|Any CPU
		Release|Any CPU = Release|Any CPU
	EndGlobalSection
	GlobalSection(ProjectConfigurationPlatforms) = postSolution
		{C03370F9-D6AE-4903-AACD-AED9A3614981}.Debug|Any CPU.ActiveCfg = Debug|Any CPU
		{C03370F9-D6AE-4903-AACD-AED9A3614981}.Debug|Any CPU.Build.0 = Debug|Any CPU
		{C03370F9-D6AE-4903-AACD-AED9A3614981}.Release|Any CPU.ActiveCfg = Release|Any CPU
		{C03370F9-D6AE-4903-AACD-AED9A3614981}.Release|Any CPU.Build.0 = Release|Any CPU
	EndGlobalSection
	GlobalSection(SolutionProperties) = preSolution
		HideSolutionNode = FALSE
	EndGlobalSection
	GlobalSection(ExtensibilityGlobals) = postSolution
		SolutionGuid = {498B7EFC-8CF8-47EC-9C61-0EF8966DDCF0}
	EndGlobalSection
EndGlobal
